
Microsoft Visual Studio Solution File, Format Version 12.00
# Visual Studio Version 17
VisualStudioVersion = 17.5.33516.290
MinimumVisualStudioVersion = 10.0.40219.1
Project("{FAE04EC0-301F-11D3-BF4B-00C04F79EFBC}") = "NumberGuesser", "NumberGuesser\NumberGuesser.csproj", "{B80EEF48-5BBC-4929-BB3A-835D86A747EF}"
EndProject
Global
	GlobalSection(SolutionConfigurationPlatforms) = preSolution
		Debug|Any CPU = Debug|Any CPU
		Release|Any CPU = Release|Any CPU
	EndGlobalSection
	GlobalSection(ProjectConfigurationPlatforms) = postSolution
		{B80EEF48-5BBC-4929-BB3A-835D86A747EF}.Debug|Any CPU.ActiveCfg = Debug|Any CPU
		{B80EEF48-5BBC-4929-BB3A-835D86A747EF}.Debug|Any CPU.Build.0 = Debug|Any CPU
		{B80EEF48-5BBC-4929-BB3A-835D86A747EF}.Release|Any CPU.ActiveCfg = Release|Any CPU
		{B80EEF48-5BBC-4929-BB3A-835D86A747EF}.Release|Any CPU.Build.0 = Release|Any CPU
	EndGlobalSection
	GlobalSection(SolutionProperties) = preSolution
		HideSolutionNode = FALSE
	EndGlobalSection
	GlobalSection(ExtensibilityGlobals) = postSolution
		SolutionGuid = {CAA7C003-81ED-45AA-B81A-9D4AF47F0DA9}
	EndGlobalSection
EndGlobal
